<?xml version="1.0" encoding="utf-8"?>
<Project ToolsVersion="17.0" xmlns="http://schemas.microsoft.com/developer/msbuild/2003">
  <ItemGroup>
    <ClCompile Include="E:\VS Code Repos\To do list\src\main_cli.cpp">
      <Filter>Source Files</Filter>
    </ClCompile>
    <ClCompile Include="E:\VS Code Repos\To do list\src\glad.c">
      <Filter>Source Files</Filter>
    </ClCompile>
  </ItemGroup>
  <ItemGroup>
    <CustomBuild Include="E:\VS Code Repos\To do list\CMakeLists.txt" />
  </ItemGroup>
  <ItemGroup>
    <Filter Include="Source Files">
      <UniqueIdentifier>{FE30C9D0-FFB7-3444-9BEF-EB5531EF4EAD}</UniqueIdentifier>
    </Filter>
  </ItemGroup>
</Project>
