
Microsoft Visual Studio Solution File, Format Version 12.00
# Visual Studio Version 17
Project("{8BC9CEB8-8B4A-11D0-8D11-00A0C91BC942}") = "ALL_BUILD", "ALL_BUILD.vcxproj", "{2D8C6AE0-8FEA-3E59-B961-B62DCEC6FC86}"
	ProjectSection(ProjectDependencies) = postProject
		{8D128632-5A47-3599-B748-33CEE1AF9CCC} = {8D128632-5A47-3599-B748-33CEE1AF9CCC}
		{E6A7784D-5A54-37DC-8EED-6F7C8F0AA0D4} = {E6A7784D-5A54-37DC-8EED-6F7C8F0AA0D4}
		{756BBA27-7096-39D6-93CF-DA9772B77D57} = {756BBA27-7096-39D6-93CF-DA9772B77D57}
	EndProjectSection
EndProject
Project("{8BC9CEB8-8B4A-11D0-8D11-00A0C91BC942}") = "ToDoListCLI", "ToDoListCLI.vcxproj", "{8D128632-5A47-3599-B748-33CEE1AF9CCC}"
	ProjectSection(ProjectDependencies) = postProject
		{756BBA27-7096-39D6-93CF-DA9772B77D57} = {756BBA27-7096-39D6-93CF-DA9772B77D57}
	EndProjectSection
EndProject
Project("{8BC9CEB8-8B4A-11D0-8D11-00A0C91BC942}") = "ToDoListGUI", "ToDoListGUI.vcxproj", "{E6A7784D-5A54-37DC-8EED-6F7C8F0AA0D4}"
	ProjectSection(ProjectDependencies) = postProject
		{756BBA27-7096-39D6-93CF-DA9772B77D57} = {756BBA27-7096-39D6-93CF-DA9772B77D57}
	EndProjectSection
EndProject
Project("{8BC9CEB8-8B4A-11D0-8D11-00A0C91BC942}") = "ZERO_CHECK", "ZERO_CHECK.vcxproj", "{756BBA27-7096-39D6-93CF-DA9772B77D57}"
	ProjectSection(ProjectDependencies) = postProject
	EndProjectSection
EndProject
Global
	GlobalSection(SolutionConfigurationPlatforms) = preSolution
		Debug|x64 = Debug|x64
		Release|x64 = Release|x64
		MinSizeRel|x64 = MinSizeRel|x64
		RelWithDebInfo|x64 = RelWithDebInfo|x64
	EndGlobalSection
	GlobalSection(ProjectConfigurationPlatforms) = postSolution
		{2D8C6AE0-8FEA-3E59-B961-B62DCEC6FC86}.Debug|x64.ActiveCfg = Debug|x64
		{2D8C6AE0-8FEA-3E59-B961-B62DCEC6FC86}.Release|x64.ActiveCfg = Release|x64
		{2D8C6AE0-8FEA-3E59-B961-B62DCEC6FC86}.MinSizeRel|x64.ActiveCfg = MinSizeRel|x64
		{2D8C6AE0-8FEA-3E59-B961-B62DCEC6FC86}.RelWithDebInfo|x64.ActiveCfg = RelWithDebInfo|x64
		{8D128632-5A47-3599-B748-33CEE1AF9CCC}.Debug|x64.ActiveCfg = Debug|x64
		{8D128632-5A47-3599-B748-33CEE1AF9CCC}.Debug|x64.Build.0 = Debug|x64
		{8D128632-5A47-3599-B748-33CEE1AF9CCC}.Release|x64.ActiveCfg = Release|x64
		{8D128632-5A47-3599-B748-33CEE1AF9CCC}.Release|x64.Build.0 = Release|x64
		{8D128632-5A47-3599-B748-33CEE1AF9CCC}.MinSizeRel|x64.ActiveCfg = MinSizeRel|x64
		{8D128632-5A47-3599-B748-33CEE1AF9CCC}.MinSizeRel|x64.Build.0 = MinSizeRel|x64
		{8D128632-5A47-3599-B748-33CEE1AF9CCC}.RelWithDebInfo|x64.ActiveCfg = RelWithDebInfo|x64
		{8D128632-5A47-3599-B748-33CEE1AF9CCC}.RelWithDebInfo|x64.Build.0 = RelWithDebInfo|x64
		{E6A7784D-5A54-37DC-8EED-6F7C8F0AA0D4}.Debug|x64.ActiveCfg = Debug|x64
		{E6A7784D-5A54-37DC-8EED-6F7C8F0AA0D4}.Debug|x64.Build.0 = Debug|x64
		{E6A7784D-5A54-37DC-8EED-6F7C8F0AA0D4}.Release|x64.ActiveCfg = Release|x64
		{E6A7784D-5A54-37DC-8EED-6F7C8F0AA0D4}.Release|x64.Build.0 = Release|x64
		{E6A7784D-5A54-37DC-8EED-6F7C8F0AA0D4}.MinSizeRel|x64.ActiveCfg = MinSizeRel|x64
		{E6A7784D-5A54-37DC-8EED-6F7C8F0AA0D4}.MinSizeRel|x64.Build.0 = MinSizeRel|x64
		{E6A7784D-5A54-37DC-8EED-6F7C8F0AA0D4}.RelWithDebInfo|x64.ActiveCfg = RelWithDebInfo|x64
		{E6A7784D-5A54-37DC-8EED-6F7C8F0AA0D4}.RelWithDebInfo|x64.Build.0 = RelWithDebInfo|x64
		{756BBA27-7096-39D6-93CF-DA9772B77D57}.Debug|x64.ActiveCfg = Debug|x64
		{756BBA27-7096-39D6-93CF-DA9772B77D57}.Debug|x64.Build.0 = Debug|x64
		{756BBA27-7096-39D6-93CF-DA9772B77D57}.Release|x64.ActiveCfg = Release|x64
		{756BBA27-7096-39D6-93CF-DA9772B77D57}.Release|x64.Build.0 = Release|x64
		{756BBA27-7096-39D6-93CF-DA9772B77D57}.MinSizeRel|x64.ActiveCfg = MinSizeRel|x64
		{756BBA27-7096-39D6-93CF-DA9772B77D57}.MinSizeRel|x64.Build.0 = MinSizeRel|x64
		{756BBA27-7096-39D6-93CF-DA9772B77D57}.RelWithDebInfo|x64.ActiveCfg = RelWithDebInfo|x64
		{756BBA27-7096-39D6-93CF-DA9772B77D57}.RelWithDebInfo|x64.Build.0 = RelWithDebInfo|x64
	EndGlobalSection
	GlobalSection(ExtensibilityGlobals) = postSolution
		SolutionGuid = {A12E48B4-0930-3653-B685-FA051488E489}
	EndGlobalSection
	GlobalSection(ExtensibilityAddIns) = postSolution
	EndGlobalSection
EndGlobal
