<?xml version="1.0" encoding="utf-8"?>
<Project ToolsVersion="17.0" xmlns="http://schemas.microsoft.com/developer/msbuild/2003">
  <ItemGroup>
    <CustomBuild Include="E:\VS Code Repos\To do list\Release\CMakeFiles\c7326052781df8d6a45f4f67271c24e8\generate.stamp.rule">
      <Filter>CMake Rules</Filter>
    </CustomBuild>
  </ItemGroup>
  <ItemGroup>
    <Filter Include="CMake Rules">
      <UniqueIdentifier>{0AD5F183-92C3-3598-912D-FDD032BC3C94}</UniqueIdentifier>
    </Filter>
  </ItemGroup>
</Project>
